Microsoft Visual Studio Solution File, Format Version 12.00
# Visual Studio Version 17
VisualStudioVersion = 17.5.2.0
MinimumVisualStudioVersion = 10.0.40219.1
Project("{FAE04EC0-301F-11D3-BF4B-00C04F79EFBC}") = "TasksApi", "TasksApi.csproj", "{7A98DC37-72FE-29E9-9297-C5EA54E6E524}"
EndProject
Global
	GlobalSection(SolutionConfigurationPlatforms) = preSolution
		Debug|Any CPU = Debug|Any CPU
		Release|Any CPU = Release|Any CPU
	EndGlobalSection
	GlobalSection(ProjectConfigurationPlatforms) = postSolution
		{7A98DC37-72FE-29E9-9297-C5EA54E6E524}.Debug|Any CPU.ActiveCfg = Debug|Any CPU
		{7A98DC37-72FE-29E9-9297-C5EA54E6E524}.Debug|Any CPU.Build.0 = Debug|Any CPU
		{7A98DC37-72FE-29E9-9297-C5EA54E6E524}.Release|Any CPU.ActiveCfg = Release|Any CPU
		{7A98DC37-72FE-29E9-9297-C5EA54E6E524}.Release|Any CPU.Build.0 = Release|Any CPU
	EndGlobalSection
	GlobalSection(SolutionProperties) = preSolution
		HideSolutionNode = FALSE
	EndGlobalSection
	GlobalSection(ExtensibilityGlobals) = postSolution
		SolutionGuid = {1747BEE9-BD2F-4D1F-88BC-83D8CD9C52E4}
	EndGlobalSection
EndGlobal
