Microsoft Visual Studio Solution File, Format Version 12.00
# Visual Studio Version 17
VisualStudioVersion = 17.5.2.0
MinimumVisualStudioVersion = 10.0.40219.1
Project("{FAE04EC0-301F-11D3-BF4B-00C04F79EFBC}") = "ConsoleTasksApp", "ConsoleTasksApp.csproj", "{F35DBAEB-8924-6756-92DF-5B3580A0AB16}"
EndProject
Global
	GlobalSection(SolutionConfigurationPlatforms) = preSolution
		Debug|Any CPU = Debug|Any CPU
		Release|Any CPU = Release|Any CPU
	EndGlobalSection
	GlobalSection(ProjectConfigurationPlatforms) = postSolution
		{F35DBAEB-8924-6756-92DF-5B3580A0AB16}.Debug|Any CPU.ActiveCfg = Debug|Any CPU
		{F35DBAEB-8924-6756-92DF-5B3580A0AB16}.Debug|Any CPU.Build.0 = Debug|Any CPU
		{F35DBAEB-8924-6756-92DF-5B3580A0AB16}.Release|Any CPU.ActiveCfg = Release|Any CPU
		{F35DBAEB-8924-6756-92DF-5B3580A0AB16}.Release|Any CPU.Build.0 = Release|Any CPU
	EndGlobalSection
	GlobalSection(SolutionProperties) = preSolution
		HideSolutionNode = FALSE
	EndGlobalSection
	GlobalSection(ExtensibilityGlobals) = postSolution
		SolutionGuid = {7DEFC914-B48F-4167-B6BC-58590C80EEF5}
	EndGlobalSection
EndGlobal
