# THIS IS AN AUTOGENERATED FILE. DO NOT EDIT THIS FILE DIRECTLY.
# yarn lockfile v1


"@babel/runtime@^7.5.5", "@babel/runtime@^7.8.7":
  version "7.29.7"
  resolved "https://registry.npmjs.org/@babel/runtime/-/runtime-7.29.7.tgz"
  integrity sha512-Nq8OhGWiZIZGV6hLHoyAKLLcJihP/xFeBMGJoUrxTX2psI8dCifzLhZISFb+VWS3wFMRDmCGw5R+dOySCqPLhw==

"@progress/kendo-common@^1.0.1":
  version "1.0.2"
  resolved "https://registry.npmjs.org/@progress/kendo-common/-/kendo-common-1.0.2.tgz"
  integrity sha512-PHxnquetSmtmXiF4dmlQiypzXaFLUEPK3VAOHxmnRDrLxaPrcZfaW9FOOiyur8hv4QmXlohISMwMElZS8Xi1Ag==
  dependencies:
    tslib "^1.7.0"

"@progress/kendo-draggable-common@^0.2.3":
  version "0.2.3"
  resolved "https://registry.npmjs.org/@progress/kendo-draggable-common/-/kendo-draggable-common-0.2.3.tgz"
  integrity sha512-e1FraFsT7zwevswzZlQYL//K+fzmRUvkr/4emp51dzkARLDtGd95BtPNSoXYRG5xYHeueKBS75hzVwQI6Dm3Dg==
  dependencies:
    tslib "^1.7.0"

"@progress/kendo-drawing@^1.21.2":
  version "1.25.5"
  resolved "https://registry.npmjs.org/@progress/kendo-drawing/-/kendo-drawing-1.25.5.tgz"
  integrity sha512-ND3YGAtaRE5XZy/kAseOvpOUySPmDdeyLVQNTrpIZFS/HUKtcZ0sSeWfNNrOO7SBzJZHxzd6/n5VMcht3Wyl9A==
  dependencies:
    "@progress/kendo-common" "^1.0.1"
    "@progress/pako-esm" "^1.0.1"

"@progress/kendo-inputs-common@^3.1.0":
  version "3.1.3"
  resolved "https://registry.npmjs.org/@progress/kendo-inputs-common/-/kendo-inputs-common-3.1.3.tgz"
  integrity sha512-vBoECZN+JVjCGzQA9uIOT6rbdcD8+geiHiABNgfljN+nv+CgUu7hdf/y6QdIFGR2a0ioIawbaha4egG8I2P/fQ==
  dependencies:
    tslib "^2.3.1"

"@progress/kendo-intl@^3.2.1":
  version "3.2.1"
  resolved "https://registry.npmjs.org/@progress/kendo-intl/-/kendo-intl-3.2.1.tgz"
  integrity sha512-xNV/tlyd+YE+XgBci7RV55YRyB84Lp91MmVbolSKL4FmjEQsE18H86CKM9bFJc5juyTOuqmJCKUGa9x0be473Q==

"@progress/kendo-licensing@^1.7.2":
  version "1.11.3"
  resolved "https://registry.npmjs.org/@progress/kendo-licensing/-/kendo-licensing-1.11.3.tgz"
  integrity sha512-brMmWkpZDsScf1udghCDzYXeT33W0+JOgLmr2MMVcMEeq5qGeYVFjEDKWMo0LjuzkGRnbu7eTBrRCr9PzVRgVw==
  dependencies:
    glob "^13.0.1"
    jsonwebtoken "^9.0.3"
    yargs "^17.7.2"

"@progress/kendo-popup-common@^1.9.5":
  version "1.9.5"
  resolved "https://registry.npmjs.org/@progress/kendo-popup-common/-/kendo-popup-common-1.9.5.tgz"
  integrity sha512-HpUy0PLbS/bhhs/FxxFGaJxxbskQbAVMPWE5i6qxQ5G1krQHWApJ9B+43Rx5IQiWtoenjCGtYv0QSZlRQxDqsg==

"@progress/kendo-react-animation@16.1.0":
  version "16.1.0"
  resolved "https://registry.npmjs.org/@progress/kendo-react-animation/-/kendo-react-animation-16.1.0.tgz"
  integrity sha512-YRIctEmNB4Dyf5KyKqV7KOcZFtp3QwxzVRgZyHd8WZdiALOdCDfTu0qOMEX1+EpBkOQn+j5RLf9wx+AehQvcWA==
  dependencies:
    prop-types "^15.6.0"

"@progress/kendo-react-buttons@^16.1.0", "@progress/kendo-react-buttons@16.1.0":
  version "16.1.0"
  resolved "https://registry.npmjs.org/@progress/kendo-react-buttons/-/kendo-react-buttons-16.1.0.tgz"
  integrity sha512-3f66lRqWzEgbNHpNQMBWs3H5fiFdO/6R8tkBaarSsmvS9zZmH5RNqJK7vgeVBin9TSd9m/NUsavpxRvV78M0AQ==
  dependencies:
    prop-types "^15.6.0"

"@progress/kendo-react-common@16.1.0":
  version "16.1.0"
  resolved "https://registry.npmjs.org/@progress/kendo-react-common/-/kendo-react-common-16.1.0.tgz"
  integrity sha512-SJ7R/r0HzbFpaykXs6aoJpdCd9x5zI2cyK/JvwN9/2gmk8ZGY05d+fj9ZPIdSdAJ/dmRkabvN9DISQqz7q6ikA==
  dependencies:
    "@progress/kendo-draggable-common" "^0.2.3"
    prop-types "^15.6.0"

"@progress/kendo-react-dialogs@16.1.0":
  version "16.1.0"
  resolved "https://registry.npmjs.org/@progress/kendo-react-dialogs/-/kendo-react-dialogs-16.1.0.tgz"
  integrity sha512-PMn8YiCSigzCpsFQLjCcZOTUWrJHdEcUU3kcqc9nIvNQ5JK4shrOnZMNCKNJsOWxLt6lWIQtmDYYjdincOY/Bw==
  dependencies:
    prop-types "^15.6.0"

"@progress/kendo-react-inputs@^16.1.0":
  version "16.1.0"
  resolved "https://registry.npmjs.org/@progress/kendo-react-inputs/-/kendo-react-inputs-16.1.0.tgz"
  integrity sha512-IebSRYDDGPXxS5ds078nUk+CMRsNH/1lkLnnjMZB/McpEYS8KXikPyAX+yu0ezx4/WiTKswW87MU+dr4cNFIIA==
  dependencies:
    prop-types "^15.6.0"

"@progress/kendo-react-intl@16.1.0":
  version "16.1.0"
  resolved "https://registry.npmjs.org/@progress/kendo-react-intl/-/kendo-react-intl-16.1.0.tgz"
  integrity sha512-dNKsltJfpvQZEs59JkExXC8xNitCayPO/nSY0KbG9ge05jZLW9KJi3fcvoJO42Zrweg/jnVFONJw2BVqdhcYHw==
  dependencies:
    prop-types "^15.6.0"

"@progress/kendo-react-labels@16.1.0":
  version "16.1.0"
  resolved "https://registry.npmjs.org/@progress/kendo-react-labels/-/kendo-react-labels-16.1.0.tgz"
  integrity sha512-apO6TRM+YUb9ZlSwsqU4hd/J/7DVf246JlyTL0Ajn54YcbwwHBEQGC7RG8AY4J7M7JlSafQqAAYc66DGkgBBeA==
  dependencies:
    prop-types "^15.6.0"

"@progress/kendo-react-layout@16.1.0":
  version "16.1.0"
  resolved "https://registry.npmjs.org/@progress/kendo-react-layout/-/kendo-react-layout-16.1.0.tgz"
  integrity sha512-WY9pCvTsZFLbTY3OVJaf/poSVQwtwB2fg76MXih1kbmm9PvHdTr4hXywzOmG3p9hmJ/Ax9ZLEIN5QG3/Kp3vIg==
  dependencies:
    prop-types "^15.6.0"

"@progress/kendo-react-popup@16.1.0":
  version "16.1.0"
  resolved "https://registry.npmjs.org/@progress/kendo-react-popup/-/kendo-react-popup-16.1.0.tgz"
  integrity sha512-7v55HEZg998+tkKDwcCXiO5BwodqbpYnsbIWO4XRWlTtN6wrtPZICj+G1H81aNFyjioXFmVsvyJW2tpDpCesUg==
  dependencies:
    prop-types "^15.6.0"

"@progress/kendo-react-progressbars@16.1.0":
  version "16.1.0"
  resolved "https://registry.npmjs.org/@progress/kendo-react-progressbars/-/kendo-react-progressbars-16.1.0.tgz"
  integrity sha512-2IUO/RTirjSs/1y0GXcUMyxSA6FbZ26c4r2N8OuZ/jGxV4F7BcxsLEy1gcOrrQbmiJsFc+NDA25LMGCtrBzKNQ==
  dependencies:
    prop-types "^15.6.0"

"@progress/kendo-smartpaste-common@1.0.0":
  version "1.0.0"
  resolved "https://registry.npmjs.org/@progress/kendo-smartpaste-common/-/kendo-smartpaste-common-1.0.0.tgz"
  integrity sha512-XH27wyfkQ7ez/h8bUt1GGgBEA8iMICvqsvch8+pEwZR2SaWUkV0PjeLFXT1ZNSVolEfmzQCKZJbFeYTPkKLBWA==

"@progress/kendo-svg-icons@^4.11.0", "@progress/kendo-svg-icons@^4.9.0 || ^5.0.0":
  version "4.11.0"
  resolved "https://registry.npmjs.org/@progress/kendo-svg-icons/-/kendo-svg-icons-4.11.0.tgz"
  integrity sha512-hegIUc6ajq91AIGY0NSgGj7uteOSIA6SjSSUpblj2IG93dPf2DE0gtouf2kQH5z0aqdplzrLzdjMU2SucwcCZA==

"@progress/kendo-theme-core@14.5.0":
  version "14.5.0"
  resolved "https://registry.npmjs.org/@progress/kendo-theme-core/-/kendo-theme-core-14.5.0.tgz"
  integrity sha512-G+7WUeZBfuIL0vwPMrubYyshg2hqddVrYUMgRI+adDOMlehGeX4JNHQ1Mv12oHhXMYtFM49BBl0+JGMcYFUbpg==

"@progress/kendo-theme-default@^14.5.0":
  version "14.5.0"
  resolved "https://registry.npmjs.org/@progress/kendo-theme-default/-/kendo-theme-default-14.5.0.tgz"
  integrity sha512-hi2DrprxaRWvbk0zdqXQuQq1O/K70sbpPYts1X8nxOJcKsC/YTQN84G7PWwSjZOyaRlt0T5QlDjwqU31A51sTg==
  dependencies:
    "@progress/kendo-svg-icons" "^4.11.0"
    "@progress/kendo-theme-core" "14.5.0"
    "@progress/kendo-theme-utils" "14.5.0"

"@progress/kendo-theme-utils@14.5.0":
  version "14.5.0"
  resolved "https://registry.npmjs.org/@progress/kendo-theme-utils/-/kendo-theme-utils-14.5.0.tgz"
  integrity sha512-htBbq3jIM40AtUu1hrhx2Dvh5F6YZT4cFgAeC3GK+ePXGul5m472r5BQQHbDCkSgN9zVdE9wQCNQAsGmhiYm1g==
  dependencies:
    "@progress/kendo-theme-core" "14.5.0"

"@progress/kendo-webspeech-common@^1.0.1":
  version "1.0.1"
  resolved "https://registry.npmjs.org/@progress/kendo-webspeech-common/-/kendo-webspeech-common-1.0.1.tgz"
  integrity sha512-c5IHS5vakAtxbaVfd26rM1dZnt9JfUOqWFq7gK8mU3HaZ9rqoH+DEIn72bbiRs+Ju5e81d7H1Q/nMx8u09pwRg==

"@progress/pako-esm@^1.0.1":
  version "1.0.2"
  resolved "https://registry.npmjs.org/@progress/pako-esm/-/pako-esm-1.0.2.tgz"
  integrity sha512-JbS5uAAoLeV/e97/gJgguOI1vYgsiqvQy5eGvJHRUILzQNlJ2KFhTDkunCzAk+RoCHVeyAV49ro0SE6GjGHPNA==

ansi-regex@^5.0.1:
  version "5.0.1"
  resolved "https://registry.npmjs.org/ansi-regex/-/ansi-regex-5.0.1.tgz"
  integrity sha512-quJQXlTSUGL2LH9SUXo8VwsY4soanhgo6LNSm84E1LBcE8s3O0wpdiRzyR9z/ZZJMlMWv37qOOb9pdJlMUEKFQ==

ansi-styles@^4.0.0:
  version "4.3.0"
  resolved "https://registry.npmjs.org/ansi-styles/-/ansi-styles-4.3.0.tgz"
  integrity sha512-zbB9rCJAT1rbjiVDb2hqKFHNYLxgtk8NURxZ3IZwD3F6NtxbXZQCnnSi1Lkx+IDohdPlFp222wVALIheZJQSEg==
  dependencies:
    color-convert "^2.0.1"

balanced-match@^4.0.2:
  version "4.0.4"
  resolved "https://registry.npmjs.org/balanced-match/-/balanced-match-4.0.4.tgz"
  integrity sha512-BLrgEcRTwX2o6gGxGOCNyMvGSp35YofuYzw9h1IMTRmKqttAZZVU67bdb9Pr2vUHA8+j3i2tJfjO6C6+4myGTA==

brace-expansion@^5.0.8:
  version "5.0.9"
  resolved "https://registry.npmjs.org/brace-expansion/-/brace-expansion-5.0.9.tgz"
  integrity sha512-ScQ4IuvIEF1TMlP7Zt+vjJ//9zlPb2SDcxWxM3bk8s6t6GGdJ7KO1dCcTidOPJKePW30LE/2cT7wCyPho9/Wxg==
  dependencies:
    balanced-match "^4.0.2"

buffer-equal-constant-time@^1.0.1:
  version "1.0.1"
  resolved "https://registry.npmjs.org/buffer-equal-constant-time/-/buffer-equal-constant-time-1.0.1.tgz"
  integrity sha512-zRpUiDwd/xk6ADqPMATG8vc9VPrkck7T07OIx0gnjmJAnHnTVXNQG3vfvWNuiZIkwu9KrKdA1iJKfsfTVxE6NA==

cliui@^8.0.1:
  version "8.0.1"
  resolved "https://registry.npmjs.org/cliui/-/cliui-8.0.1.tgz"
  integrity sha512-BSeNnyus75C4//NQ9gQt1/csTXyo/8Sb+afLAkzAptFuMsod9HFokGNudZpi/oQV73hnVK+sR+5PVRMd+Dr7YQ==
  dependencies:
    string-width "^4.2.0"
    strip-ansi "^6.0.1"
    wrap-ansi "^7.0.0"

color-convert@^2.0.1:
  version "2.0.1"
  resolved "https://registry.npmjs.org/color-convert/-/color-convert-2.0.1.tgz"
  integrity sha512-RRECPsj7iu/xb5oKYcsFHSppFNnsj/52OVTRKb4zP5onXwVF3zVmmToNcOfGC+CRDpfK/U584fMg38ZHCaElKQ==
  dependencies:
    color-name "~1.1.4"

color-name@~1.1.4:
  version "1.1.4"
  resolved "https://registry.npmjs.org/color-name/-/color-name-1.1.4.tgz"
  integrity sha512-dOy+3AuW3a2wNbZHIuMZpTcgjGuLU/uBL/ubcZF9OXbDo8ff4O8yVp5Bf0efS8uEoYo5q4Fx7dY9OgQGXgAsQA==

csstype@^3.0.2:
  version "3.2.3"
  resolved "https://registry.npmjs.org/csstype/-/csstype-3.2.3.tgz"
  integrity sha512-z1HGKcYy2xA8AGQfwrn0PAy+PB7X/GSj3UVJW9qKyn43xWa+gl5nXmU4qqLMRzWVLFC8KusUX8T/0kCiOYpAIQ==

dom-helpers@^5.0.1:
  version "5.2.1"
  resolved "https://registry.npmjs.org/dom-helpers/-/dom-helpers-5.2.1.tgz"
  integrity sha512-nRCa7CK3VTrM2NmGkIy4cbK7IZlgBE/PYMn55rrXefr5xXDP0LdtfPnblFDoVdcAfslJ7or6iqAUnx0CCGIWQA==
  dependencies:
    "@babel/runtime" "^7.8.7"
    csstype "^3.0.2"

ecdsa-sig-formatter@1.0.11:
  version "1.0.11"
  resolved "https://registry.npmjs.org/ecdsa-sig-formatter/-/ecdsa-sig-formatter-1.0.11.tgz"
  integrity sha512-nagl3RYrbNv6kQkeJIpt6NJZy8twLB/2vtz6yN9Z4vRKHN4/QZJIEbqohALSgwKdnksuY3k5Addp5lg8sVoVcQ==
  dependencies:
    safe-buffer "^5.0.1"

emoji-regex@^8.0.0:
  version "8.0.0"
  resolved "https://registry.npmjs.org/emoji-regex/-/emoji-regex-8.0.0.tgz"
  integrity sha512-MSjYzcWNOA0ewAHpz0MxpYFvwg6yjy1NG3xteoqz644VCo/RPgnr1/GGt+ic3iJTzQ8Eu3TdM14SawnVUmGE6A==

escalade@^3.1.1:
  version "3.2.0"
  resolved "https://registry.npmjs.org/escalade/-/escalade-3.2.0.tgz"
  integrity sha512-WUj2qlxaQtO4g6Pq5c29GTcWGDyd8itL8zTlipgECz3JesAiiOKotd8JU6otB3PACgG6xkJUyVhboMS+bje/jA==

get-caller-file@^2.0.5:
  version "2.0.5"
  resolved "https://registry.npmjs.org/get-caller-file/-/get-caller-file-2.0.5.tgz"
  integrity sha512-DyFP3BM/3YHTQOCUL/w0OZHR0lpKeGrxotcHWcqNEdnltqFwXVfhEBQ94eIo34AfQpo0rGki4cyIiftY06h2Fg==

glob@^13.0.1:
  version "13.0.6"
  resolved "https://registry.npmjs.org/glob/-/glob-13.0.6.tgz"
  integrity sha512-Wjlyrolmm8uDpm/ogGyXZXb1Z+Ca2B8NbJwqBVg0axK9GbBeoS7yGV6vjXnYdGm6X53iehEuxxbyiKp8QmN4Vw==
  dependencies:
    minimatch "^10.2.2"
    minipass "^7.1.3"
    path-scurry "^2.0.2"

is-fullwidth-code-point@^3.0.0:
  version "3.0.0"
  resolved "https://registry.npmjs.org/is-fullwidth-code-point/-/is-fullwidth-code-point-3.0.0.tgz"
  integrity sha512-zymm5+u+sCsSWyD9qNaejV3DFvhCKclKdizYaJUuHA83RLjb7nSuGnddCHGv0hk+KY7BMAlsWeK4Ueg6EV6XQg==

"js-tokens@^3.0.0 || ^4.0.0":
  version "4.0.0"
  resolved "https://registry.npmjs.org/js-tokens/-/js-tokens-4.0.0.tgz"
  integrity sha512-RdJUflcE3cUzKiMqQgsCu06FPu9UdIJO0beYbPhHN4k6apgJtifcoCtT9bcxOpYBtpD2kCM6Sbzg4CausW/PKQ==

jsonwebtoken@^9.0.3:
  version "9.0.3"
  resolved "https://registry.npmjs.org/jsonwebtoken/-/jsonwebtoken-9.0.3.tgz"
  integrity sha512-MT/xP0CrubFRNLNKvxJ2BYfy53Zkm++5bX9dtuPbqAeQpTVe0MQTFhao8+Cp//EmJp244xt6Drw/GVEGCUj40g==
  dependencies:
    jws "^4.0.1"
    lodash.includes "^4.3.0"
    lodash.isboolean "^3.0.3"
    lodash.isinteger "^4.0.4"
    lodash.isnumber "^3.0.3"
    lodash.isplainobject "^4.0.6"
    lodash.isstring "^4.0.1"
    lodash.once "^4.0.0"
    ms "^2.1.1"
    semver "^7.5.4"

jwa@^2.0.1:
  version "2.0.1"
  resolved "https://registry.npmjs.org/jwa/-/jwa-2.0.1.tgz"
  integrity sha512-hRF04fqJIP8Abbkq5NKGN0Bbr3JxlQ+qhZufXVr0DvujKy93ZCbXZMHDL4EOtodSbCWxOqR8MS1tXA5hwqCXDg==
  dependencies:
    buffer-equal-constant-time "^1.0.1"
    ecdsa-sig-formatter "1.0.11"
    safe-buffer "^5.0.1"

jws@^4.0.1:
  version "4.0.1"
  resolved "https://registry.npmjs.org/jws/-/jws-4.0.1.tgz"
  integrity sha512-EKI/M/yqPncGUUh44xz0PxSidXFr/+r0pA70+gIYhjv+et7yxM+s29Y+VGDkovRofQem0fs7Uvf4+YmAdyRduA==
  dependencies:
    jwa "^2.0.1"
    safe-buffer "^5.0.1"

lodash.includes@^4.3.0:
  version "4.3.0"
  resolved "https://registry.npmjs.org/lodash.includes/-/lodash.includes-4.3.0.tgz"
  integrity sha512-W3Bx6mdkRTGtlJISOvVD/lbqjTlPPUDTMnlXZFnVwi9NKJ6tiAk6LVdlhZMm17VZisqhKcgzpO5Wz91PCt5b0w==

lodash.isboolean@^3.0.3:
  version "3.0.3"
  resolved "https://registry.npmjs.org/lodash.isboolean/-/lodash.isboolean-3.0.3.tgz"
  integrity sha512-Bz5mupy2SVbPHURB98VAcw+aHh4vRV5IPNhILUCsOzRmsTmSQ17jIuqopAentWoehktxGd9e/hbIXq980/1QJg==

lodash.isinteger@^4.0.4:
  version "4.0.4"
  resolved "https://registry.npmjs.org/lodash.isinteger/-/lodash.isinteger-4.0.4.tgz"
  integrity sha512-DBwtEWN2caHQ9/imiNeEA5ys1JoRtRfY3d7V9wkqtbycnAmTvRRmbHKDV4a0EYc678/dia0jrte4tjYwVBaZUA==

lodash.isnumber@^3.0.3:
  version "3.0.3"
  resolved "https://registry.npmjs.org/lodash.isnumber/-/lodash.isnumber-3.0.3.tgz"
  integrity sha512-QYqzpfwO3/CWf3XP+Z+tkQsfaLL/EnUlXWVkIk5FUPc4sBdTehEqZONuyRt2P67PXAk+NXmTBcc97zw9t1FQrw==

lodash.isplainobject@^4.0.6:
  version "4.0.6"
  resolved "https://registry.npmjs.org/lodash.isplainobject/-/lodash.isplainobject-4.0.6.tgz"
  integrity sha512-oSXzaWypCMHkPC3NvBEaPHf0KsA5mvPrOPgQWDsbg8n7orZ290M0BmC/jgRZ4vcJ6DTAhjrsSYgdsW/F+MFOBA==

lodash.isstring@^4.0.1:
  version "4.0.1"
  resolved "https://registry.npmjs.org/lodash.isstring/-/lodash.isstring-4.0.1.tgz"
  integrity sha512-0wJxfxH1wgO3GrbuP+dTTk7op+6L41QCXbGINEmD+ny/G/eCqGzxyCsh7159S+mgDDcoarnBw6PC1PS5+wUGgw==

lodash.once@^4.0.0:
  version "4.1.1"
  resolved "https://registry.npmjs.org/lodash.once/-/lodash.once-4.1.1.tgz"
  integrity sha512-Sb487aTOCr9drQVL8pIxOzVhafOjZN9UU54hiN8PU3uAiSV7lx1yYNpbNmex2PK6dSJoNTSJUUswT651yww3Mg==

loose-envify@^1.4.0:
  version "1.4.0"
  resolved "https://registry.npmjs.org/loose-envify/-/loose-envify-1.4.0.tgz"
  integrity sha512-lyuxPGr/Wfhrlem2CL/UcnUc1zcqKAImBDzukY7Y5F/yQiNdko6+fRLevlw1HgMySw7f611UIY408EtxRSoK3Q==
  dependencies:
    js-tokens "^3.0.0 || ^4.0.0"

lru-cache@^11.0.0:
  version "11.5.2"
  resolved "https://registry.npmjs.org/lru-cache/-/lru-cache-11.5.2.tgz"
  integrity sha512-4pfM1Ff0x50o0tQwb5ucw/RzNyD0/YJME6IVcStalZuMWxdt3sR3huStTtxz4PUmvZfRguvDejasvQ2kifR11g==

minimatch@^10.2.2:
  version "10.2.6"
  resolved "https://registry.npmjs.org/minimatch/-/minimatch-10.2.6.tgz"
  integrity sha512-vpLQEs+VLCr1nU0BXS07maYoFwlDAH0gngQuuttxIwutDFEMHq2blX+8vpgxDdK3J1PwjCJiep77OitTZ4Ll1A==
  dependencies:
    brace-expansion "^5.0.8"

minipass@^7.1.2, minipass@^7.1.3:
  version "7.1.3"
  resolved "https://registry.npmjs.org/minipass/-/minipass-7.1.3.tgz"
  integrity sha512-tEBHqDnIoM/1rXME1zgka9g6Q2lcoCkxHLuc7ODJ5BxbP5d4c2Z5cGgtXAku59200Cx7diuHTOYfSBD8n6mm8A==

ms@^2.1.1:
  version "2.1.3"
  resolved "https://registry.npmjs.org/ms/-/ms-2.1.3.tgz"
  integrity sha512-6FlzubTLZG3J2a/NVCAleEhjzq5oxgHyaCU9yYXvcLsvoVaHJq/s5xXI6/XXP6tz7R9xAOtHnSO/tXtF3WRTlA==

object-assign@^4.1.1:
  version "4.1.1"
  resolved "https://registry.npmjs.org/object-assign/-/object-assign-4.1.1.tgz"
  integrity sha512-rJgTQnkUnH1sFw8yT6VSU3zD3sWmu6sZhIseY8VX+GRu3P6F7Fu+JNDoXfklElbLJSnc3FUQHVe4cU5hj+BcUg==

path-scurry@^2.0.2:
  version "2.0.2"
  resolved "https://registry.npmjs.org/path-scurry/-/path-scurry-2.0.2.tgz"
  integrity sha512-3O/iVVsJAPsOnpwWIeD+d6z/7PmqApyQePUtCndjatj/9I5LylHvt5qluFaBT3I5h3r1ejfR056c+FCv+NnNXg==
  dependencies:
    lru-cache "^11.0.0"
    minipass "^7.1.2"

prop-types@^15.6.0, prop-types@^15.6.2:
  version "15.8.1"
  resolved "https://registry.npmjs.org/prop-types/-/prop-types-15.8.1.tgz"
  integrity sha512-oj87CgZICdulUohogVAR7AjlC0327U4el4L6eAvOqCeudMDVU0NThNaV+b9Df4dXgSP1gXMTnPdhfe/2qDH5cg==
  dependencies:
    loose-envify "^1.4.0"
    object-assign "^4.1.1"
    react-is "^16.13.1"

"react-dom@^18.0.0 || ^19.0.0", react-dom@>=16.6.0:
  version "19.3.0"
  resolved "https://registry.npmjs.org/react-dom/-/react-dom-19.3.0.tgz"
  integrity sha512-JDk8dgif51OjFoDE70+OT9ICyYr+69HlmihNwp1+Nsfbna3t5sIiCa9ZJktDmQ4/1b/rn26hIAR2uYXDMr5r0Q==
  dependencies:
    scheduler "^0.28.0"

react-is@^16.13.1:
  version "16.13.1"
  resolved "https://registry.npmjs.org/react-is/-/react-is-16.13.1.tgz"
  integrity sha512-24e6ynE2H+OKt4kqsOvNd8kBpV65zoxbA4BVsEOB3ARVWQki/DHzaUoC5KuON/BiccDaCCTZBuOcfZs70kR8bQ==

react-transition-group@^4.4.2:
  version "4.4.5"
  resolved "https://registry.npmjs.org/react-transition-group/-/react-transition-group-4.4.5.tgz"
  integrity sha512-pZcd1MCJoiKiBR2NRxeCRg13uCXbydPnmB4EOeRrY7480qNWO8IIgQG6zlDkm6uRMsURXPuKq0GWtiM59a5Q6g==
  dependencies:
    "@babel/runtime" "^7.5.5"
    dom-helpers "^5.0.1"
    loose-envify "^1.4.0"
    prop-types "^15.6.2"

"react@^18.0.0 || ^19.0.0", react@^19.3.0, react@>=16.6.0:
  version "19.3.0"
  resolved "https://registry.npmjs.org/react/-/react-19.3.0.tgz"
  integrity sha512-E8LUcbtBWt20bbl2YoHfx4ZDBdxVTfOKtCZn9cDSJ4l6/nuoApcpIBcj47t2wZoVX8g2ZHuMHbiShgCR1T5Sog==

require-directory@^2.1.1:
  version "2.1.1"
  resolved "https://registry.npmjs.org/require-directory/-/require-directory-2.1.1.tgz"
  integrity sha512-fGxEI7+wsG9xrvdjsrlmL22OMTTiHRwAMroiEeMgq8gzoLC/PQr7RsRDSTLUg/bZAZtF+TVIkHc6/4RIKrui+Q==

safe-buffer@^5.0.1:
  version "5.2.1"
  resolved "https://registry.npmjs.org/safe-buffer/-/safe-buffer-5.2.1.tgz"
  integrity sha512-rp3So07KcdmmKbGvgaNxQSJr7bGVSVk5S9Eq1F+ppbRo70+YeaDxkw5Dd8NPN+GD6bjnYm2VuPuCXmpuYvmCXQ==

scheduler@^0.28.0:
  version "0.28.0"
  resolved "https://registry.npmjs.org/scheduler/-/scheduler-0.28.0.tgz"
  integrity sha512-juorfCmIkIw8tT+p5BXSm6PJjQF/ycEYmKyzURCIt/RaZIhL+PulbQ9Yu2z1HdOJDdqDTlxA1+xKBmHXJsczAw==

semver@^7.5.4:
  version "7.8.5"
  resolved "https://registry.npmjs.org/semver/-/semver-7.8.5.tgz"
  integrity sha512-Y7/KDsb8LjooZpwaqGyulO6DQlksgCncchHGk+sZIY4SBvUocMBEFH5Ur1fI4dV+Jvl0w6cjvucaIi40puRioA==

string-width@^4.1.0, string-width@^4.2.0, string-width@^4.2.3:
  version "4.2.3"
  resolved "https://registry.npmjs.org/string-width/-/string-width-4.2.3.tgz"
  integrity sha512-wKyQRQpjJ0sIp62ErSZdGsjMJWsap5oRNihHhu6G7JVO/9jIB6UyevL+tXuOqrng8j/cxKTWyWUwvSTriiZz/g==
  dependencies:
    emoji-regex "^8.0.0"
    is-fullwidth-code-point "^3.0.0"
    strip-ansi "^6.0.1"

strip-ansi@^6.0.0, strip-ansi@^6.0.1:
  version "6.0.1"
  resolved "https://registry.npmjs.org/strip-ansi/-/strip-ansi-6.0.1.tgz"
  integrity sha512-Y38VPSHcqkFrCpFnQ9vuSXmquuv5oXOKpGeT6aGrr3o3Gc9AlVa6JBfUSOCnbxGGZF+/0ooI7KrPuUSztUdU5A==
  dependencies:
    ansi-regex "^5.0.1"

tslib@^1.7.0:
  version "1.14.1"
  resolved "https://registry.npmjs.org/tslib/-/tslib-1.14.1.tgz"
  integrity sha512-Xni35NKzjgMrwevysHTCArtLDpPvye8zV/0E4EyYn43P7/7qvQwPh9BGkHewbMulVntbigmcT7rdX3BNo9wRJg==

tslib@^2.3.1:
  version "2.8.1"
  resolved "https://registry.npmjs.org/tslib/-/tslib-2.8.1.tgz"
  integrity sha512-oJFu94HQb+KVduSUQL7wnpmqnfmLsOA/nAh6b6EH0wCEoK0/mPeXU6c3wKDV83MkOuHPRHtSXKKU99IBazS/2w==

wrap-ansi@^7.0.0:
  version "7.0.0"
  resolved "https://registry.npmjs.org/wrap-ansi/-/wrap-ansi-7.0.0.tgz"
  integrity sha512-YVGIj2kamLSTxw6NsZjoBxfSwsn0ycdesmc4p+Q21c5zPuZ1pl+NfxVdxPtdHvmNVOQ6XSYG4AUtyt/Fi7D16Q==
  dependencies:
    ansi-styles "^4.0.0"
    string-width "^4.1.0"
    strip-ansi "^6.0.0"

y18n@^5.0.5:
  version "5.0.8"
  resolved "https://registry.npmjs.org/y18n/-/y18n-5.0.8.tgz"
  integrity sha512-0pfFzegeDWJHJIAmTLRP2DwHjdF5s7jo9tuztdQxAhINCdvS+3nGINqPd00AphqJR/0LhANUS6/+7SCb98YOfA==

yargs-parser@^21.1.1:
  version "21.1.1"
  resolved "https://registry.npmjs.org/yargs-parser/-/yargs-parser-21.1.1.tgz"
  integrity sha512-tVpsJW7DdjecAiFpbIB1e3qxIQsE6NoPc5/eTdrbbIC4h0LVsWhnoa3g+m2HclBIujHzsxZ4VJVA+GUuc2/LBw==

yargs@^17.7.2:
  version "17.7.3"
  resolved "https://registry.npmjs.org/yargs/-/yargs-17.7.3.tgz"
  integrity sha512-GZtjxm/J/4TSxuL3FNYjCmLktBTnIw/rVmKSIyKeYAZpmJB2ig9VauCC5xsa82GNKVKDAqpOn3KVzNt0zmrU0g==
  dependencies:
    cliui "^8.0.1"
    escalade "^3.1.1"
    get-caller-file "^2.0.5"
    require-directory "^2.1.1"
    string-width "^4.2.3"
    y18n "^5.0.5"
    yargs-parser "^21.1.1"
